// !$*UTF8*$!
{
	archiveVersion = 1;
	classes = {
	};
	objectVersion = 77;
	objects = {

/* Begin PBXBuildFile section */
		027C335AF776B681D9BDCD39 /* MediaPickerView.swift in Sources */ = {isa = PBXBuildFile; fileRef = 65A2211A813E198F2CBA9A1F /* MediaPickerView.swift */; };
		0C80221C95BB8FC6358F5A79 /* SpeedControlView.swift in Sources */ = {isa = PBXBuildFile; fileRef = B04FCC41A67CC169638609F7 /* SpeedControlView.swift */; };
		0C8165B638E0293617C86115 /* AudioMixerView.swift in Sources */ = {isa = PBXBuildFile; fileRef = 26821442D33F3458D164EDA5 /* AudioMixerView.swift */; };
		0F25C31D2879A822A37F9AF7 /* VideoEffects.swift in Sources */ = {isa = PBXBuildFile; fileRef = B22DAB2C9804AB604575F2AA /* VideoEffects.swift */; };
		15EBFE67C009022B1053C558 /* StoreKitManager.swift in Sources */ = {isa = PBXBuildFile; fileRef = AB74A42A68B6553729B7DDA7 /* StoreKitManager.swift */; };
		1A86F960164480C839E50AF1 /* SettingsManager.swift in Sources */ = {isa = PBXBuildFile; fileRef = E5889762E8B5C8417C402BBC /* SettingsManager.swift */; };
		20B81FB492B54FAFBC3E0E9A /* Helpers.swift in Sources */ = {isa = PBXBuildFile; fileRef = 0289AAA95BA1388A6E208791 /* Helpers.swift */; };
		30CD90BE075CC2BC806B7E4A /* AudioBrowserView.swift in Sources */ = {isa = PBXBuildFile; fileRef = F38A293B410981BE9FC9B191 /* AudioBrowserView.swift */; };
		365FADDDAA4D8125205D5587 /* MediaStorageManager.swift in Sources */ = {isa = PBXBuildFile; fileRef = 43B0F460087BADD9179312EA /* MediaStorageManager.swift */; };
		430D54EEA31CEB5FBD119A66 /* SettingsView.swift in Sources */ = {isa = PBXBuildFile; fileRef = CB364B3F64413D593323E54F /* SettingsView.swift */; };
		45CE545F7366064386692EF4 /* TransitionsView.swift in Sources */ = {isa = PBXBuildFile; fileRef = 7FCE1055CE1992AE0299EB02 /* TransitionsView.swift */; };
		4A193C79B165279B7DF1C32B /* MultiLayerCompositor.swift in Sources */ = {isa = PBXBuildFile; fileRef = 0538242ABF2F426328FFED2C /* MultiLayerCompositor.swift */; };
		4C27369F5303FAA82E487074 /* NativeAdCardView.swift in Sources */ = {isa = PBXBuildFile; fileRef = 3EDF19BEA9B49A3C504A60A1 /* NativeAdCardView.swift */; };
		60E176662AF631C6AEF81571 /* Project.swift in Sources */ = {isa = PBXBuildFile; fileRef = A2DE3A330505F366065CD957 /* Project.swift */; };
		72762F93A4DDE642D61B5FAA /* Theme.swift in Sources */ = {isa = PBXBuildFile; fileRef = 3D4C609F916B649ED9060572 /* Theme.swift */; };
		761F90FD94963FE4AE8E7705 /* TimelineModels.swift in Sources */ = {isa = PBXBuildFile; fileRef = ACC6208A0520EE66C37D2EE3 /* TimelineModels.swift */; };
		799B59A8A47B2889F9E2FF15 /* TextEditorView.swift in Sources */ = {isa = PBXBuildFile; fileRef = CF0E1F24E6A57672AF7065BB /* TextEditorView.swift */; };
		80860BE882CC6A369880578C /* ThumbnailGenerator.swift in Sources */ = {isa = PBXBuildFile; fileRef = 758D552AA093470BA8D37BFE /* ThumbnailGenerator.swift */; };
		8964A9660D4631DA3C03372A /* EditorViewModel.swift in Sources */ = {isa = PBXBuildFile; fileRef = 2E4A46B959023228DC9FA1CC /* EditorViewModel.swift */; };
		9428DAA6909CF8F9BDA79749 /* ToolbarView.swift in Sources */ = {isa = PBXBuildFile; fileRef = C7D17EE31117E46E406B71C8 /* ToolbarView.swift */; };
		9BADF5840E36EEA30F8BC1BD /* AudioSearchService.swift in Sources */ = {isa = PBXBuildFile; fileRef = 8C11330863E94DA4651190D5 /* AudioSearchService.swift */; };
		A144E0ED0A19B346E2C8782C /* BannerAdView.swift in Sources */ = {isa = PBXBuildFile; fileRef = 2C9737AB3FFECF5F6F813D15 /* BannerAdView.swift */; };
		A3DCBB46D2A923BA62AEBD3B /* StickersView.swift in Sources */ = {isa = PBXBuildFile; fileRef = 7D55395CBCE8BB605ECBBCC7 /* StickersView.swift */; };
		A681CFA2C4E45FC0D0EC96DB /* ProjectsView.swift in Sources */ = {isa = PBXBuildFile; fileRef = 004B2D2007EB9FCB0183C922 /* ProjectsView.swift */; };
		ACD65BE8728FEEDA2A19DE56 /* CompositionEngine.swift in Sources */ = {isa = PBXBuildFile; fileRef = 2DE3EDA85FC6FF64139C63DA /* CompositionEngine.swift */; };
		BF744D9D32CA7D78F93943B5 /* Assets.xcassets in Resources */ = {isa = PBXBuildFile; fileRef = 259B07182688C334B23B27FE /* Assets.xcassets */; };
		C18B70E6EEC7C1DE38D44A2C /* ExportView.swift in Sources */ = {isa = PBXBuildFile; fileRef = DA22654E81E21778EFD9ED93 /* ExportView.swift */; };
		CA710C52BF81EAC2D1F0DF2B /* ContentView.swift in Sources */ = {isa = PBXBuildFile; fileRef = 66831DDBB32BF57951C8AFDF /* ContentView.swift */; };
		CB80D3F5C9A1647AFB3A3BFA /* FiltersView.swift in Sources */ = {isa = PBXBuildFile; fileRef = CCAD20DEDD5C149B5674AAE5 /* FiltersView.swift */; };
		CD9181E5055A3AB4F26F318B /* TimelineView.swift in Sources */ = {isa = PBXBuildFile; fileRef = 4E63DD87C2A2BB31DF856CBA /* TimelineView.swift */; };
		CF8B34E81DCBB0E031C11DE6 /* EffectsView.swift in Sources */ = {isa = PBXBuildFile; fileRef = C6CE31F9BB2E34863B18EE86 /* EffectsView.swift */; };
		D6C05B9AA121EAB64DB7075F /* ProUpgradeView.swift in Sources */ = {isa = PBXBuildFile; fileRef = BCFB4E51F61BD77E63621388 /* ProUpgradeView.swift */; };
		DD3A6C6EF5F7B9FC8A5F5EB2 /* EditorView.swift in Sources */ = {isa = PBXBuildFile; fileRef = A772A2A7715DA10B4D1D9F88 /* EditorView.swift */; };
		DE98405F01A194CEFB20064A /* FrameForgeApp.swift in Sources */ = {isa = PBXBuildFile; fileRef = 0B3101E22962857DF6BB7CFC /* FrameForgeApp.swift */; };
		E6E4761607A405F69F5A9D29 /* CropView.swift in Sources */ = {isa = PBXBuildFile; fileRef = DB77FDF2639F34D575FA41C0 /* CropView.swift */; };
		F94971BD32C63D1253CD851D /* ExportPipeline.swift in Sources */ = {isa = PBXBuildFile; fileRef = 32B0808745DD29DCA8029537 /* ExportPipeline.swift */; };
		FD6AE03C5F3063069FD30AAE /* TipJarView.swift in Sources */ = {isa = PBXBuildFile; fileRef = 36955C55E6E2D303DD46DDAB /* TipJarView.swift */; };
/* End PBXBuildFile section */

/* Begin PBXFileReference section */
		004B2D2007EB9FCB0183C922 /* ProjectsView.swift */ = {isa = PBXFileReference; lastKnownFileType = sourcecode.swift; path = ProjectsView.swift; sourceTree = "<group>"; };
		0289AAA95BA1388A6E208791 /* Helpers.swift */ = {isa = PBXFileReference; lastKnownFileType = sourcecode.swift; path = Helpers.swift; sourceTree = "<group>"; };
		0538242ABF2F426328FFED2C /* MultiLayerCompositor.swift */ = {isa = PBXFileReference; lastKnownFileType = sourcecode.swift; path = MultiLayerCompositor.swift; sourceTree = "<group>"; };
		0B3101E22962857DF6BB7CFC /* FrameForgeApp.swift */ = {isa = PBXFileReference; lastKnownFileType = sourcecode.swift; path = FrameForgeApp.swift; sourceTree = "<group>"; };
		259B07182688C334B23B27FE /* Assets.xcassets */ = {isa = PBXFileReference; lastKnownFileType = folder.assetcatalog; path = Assets.xcassets; sourceTree = "<group>"; };
		26821442D33F3458D164EDA5 /* AudioMixerView.swift */ = {isa = PBXFileReference; lastKnownFileType = sourcecode.swift; path = AudioMixerView.swift; sourceTree = "<group>"; };
		2C9737AB3FFECF5F6F813D15 /* BannerAdView.swift */ = {isa = PBXFileReference; lastKnownFileType = sourcecode.swift; path = BannerAdView.swift; sourceTree = "<group>"; };
		2DE3EDA85FC6FF64139C63DA /* CompositionEngine.swift */ = {isa = PBXFileReference; lastKnownFileType = sourcecode.swift; path = CompositionEngine.swift; sourceTree = "<group>"; };
		2E4A46B959023228DC9FA1CC /* EditorViewModel.swift */ = {isa = PBXFileReference; lastKnownFileType = sourcecode.swift; path = EditorViewModel.swift; sourceTree = "<group>"; };
		32B0808745DD29DCA8029537 /* ExportPipeline.swift */ = {isa = PBXFileReference; lastKnownFileType = sourcecode.swift; path = ExportPipeline.swift; sourceTree = "<group>"; };
		36955C55E6E2D303DD46DDAB /* TipJarView.swift */ = {isa = PBXFileReference; lastKnownFileType = sourcecode.swift; path = TipJarView.swift; sourceTree = "<group>"; };
		3D4C609F916B649ED9060572 /* Theme.swift */ = {isa = PBXFileReference; lastKnownFileType = sourcecode.swift; path = Theme.swift; sourceTree = "<group>"; };
		3EDF19BEA9B49A3C504A60A1 /* NativeAdCardView.swift */ = {isa = PBXFileReference; lastKnownFileType = sourcecode.swift; path = NativeAdCardView.swift; sourceTree = "<group>"; };
		43B0F460087BADD9179312EA /* MediaStorageManager.swift */ = {isa = PBXFileReference; lastKnownFileType = sourcecode.swift; path = MediaStorageManager.swift; sourceTree = "<group>"; };
		4E63DD87C2A2BB31DF856CBA /* TimelineView.swift */ = {isa = PBXFileReference; lastKnownFileType = sourcecode.swift; path = TimelineView.swift; sourceTree = "<group>"; };
		65A2211A813E198F2CBA9A1F /* MediaPickerView.swift */ = {isa = PBXFileReference; lastKnownFileType = sourcecode.swift; path = MediaPickerView.swift; sourceTree = "<group>"; };
		66831DDBB32BF57951C8AFDF /* ContentView.swift */ = {isa = PBXFileReference; lastKnownFileType = sourcecode.swift; path = ContentView.swift; sourceTree = "<group>"; };
		72722BB9B835981E49AFABCC /* Info.plist */ = {isa = PBXFileReference; lastKnownFileType = text.plist; path = Info.plist; sourceTree = "<group>"; };
		758D552AA093470BA8D37BFE /* ThumbnailGenerator.swift */ = {isa = PBXFileReference; lastKnownFileType = sourcecode.swift; path = ThumbnailGenerator.swift; sourceTree = "<group>"; };
		7D55395CBCE8BB605ECBBCC7 /* StickersView.swift */ = {isa = PBXFileReference; lastKnownFileType = sourcecode.swift; path = StickersView.swift; sourceTree = "<group>"; };
		7FCE1055CE1992AE0299EB02 /* TransitionsView.swift */ = {isa = PBXFileReference; lastKnownFileType = sourcecode.swift; path = TransitionsView.swift; sourceTree = "<group>"; };
		8C11330863E94DA4651190D5 /* AudioSearchService.swift */ = {isa = PBXFileReference; lastKnownFileType = sourcecode.swift; path = AudioSearchService.swift; sourceTree = "<group>"; };
		A2DE3A330505F366065CD957 /* Project.swift */ = {isa = PBXFileReference; lastKnownFileType = sourcecode.swift; path = Project.swift; sourceTree = "<group>"; };
		A772A2A7715DA10B4D1D9F88 /* EditorView.swift */ = {isa = PBXFileReference; lastKnownFileType = sourcecode.swift; path = EditorView.swift; sourceTree = "<group>"; };
		AB74A42A68B6553729B7DDA7 /* StoreKitManager.swift */ = {isa = PBXFileReference; lastKnownFileType = sourcecode.swift; path = StoreKitManager.swift; sourceTree = "<group>"; };
		ACC6208A0520EE66C37D2EE3 /* TimelineModels.swift */ = {isa = PBXFileReference; lastKnownFileType = sourcecode.swift; path = TimelineModels.swift; sourceTree = "<group>"; };
		B04FCC41A67CC169638609F7 /* SpeedControlView.swift */ = {isa = PBXFileReference; lastKnownFileType = sourcecode.swift; path = SpeedControlView.swift; sourceTree = "<group>"; };
		B22DAB2C9804AB604575F2AA /* VideoEffects.swift */ = {isa = PBXFileReference; lastKnownFileType = sourcecode.swift; path = VideoEffects.swift; sourceTree = "<group>"; };
		BCFB4E51F61BD77E63621388 /* ProUpgradeView.swift */ = {isa = PBXFileReference; lastKnownFileType = sourcecode.swift; path = ProUpgradeView.swift; sourceTree = "<group>"; };
		C6CE31F9BB2E34863B18EE86 /* EffectsView.swift */ = {isa = PBXFileReference; lastKnownFileType = sourcecode.swift; path = EffectsView.swift; sourceTree = "<group>"; };
		C7D17EE31117E46E406B71C8 /* ToolbarView.swift */ = {isa = PBXFileReference; lastKnownFileType = sourcecode.swift; path = ToolbarView.swift; sourceTree = "<group>"; };
		CB364B3F64413D593323E54F /* SettingsView.swift */ = {isa = PBXFileReference; lastKnownFileType = sourcecode.swift; path = SettingsView.swift; sourceTree = "<group>"; };
		CCAD20DEDD5C149B5674AAE5 /* FiltersView.swift */ = {isa = PBXFileReference; lastKnownFileType = sourcecode.swift; path = FiltersView.swift; sourceTree = "<group>"; };
		CF0E1F24E6A57672AF7065BB /* TextEditorView.swift */ = {isa = PBXFileReference; lastKnownFileType = sourcecode.swift; path = TextEditorView.swift; sourceTree = "<group>"; };
		DA22654E81E21778EFD9ED93 /* ExportView.swift */ = {isa = PBXFileReference; lastKnownFileType = sourcecode.swift; path = ExportView.swift; sourceTree = "<group>"; };
		DB77FDF2639F34D575FA41C0 /* CropView.swift */ = {isa = PBXFileReference; lastKnownFileType = sourcecode.swift; path = CropView.swift; sourceTree = "<group>"; };
		E5889762E8B5C8417C402BBC /* SettingsManager.swift */ = {isa = PBXFileReference; lastKnownFileType = sourcecode.swift; path = SettingsManager.swift; sourceTree = "<group>"; };
		EDEE2F5AED7EC2154E0DB707 /* FrameForge.app */ = {isa = PBXFileReference; explicitFileType = wrapper.application; includeInIndex = 0; path = FrameForge.app; sourceTree = BUILT_PRODUCTS_DIR; };
		F38A293B410981BE9FC9B191 /* AudioBrowserView.swift */ = {isa = PBXFileReference; lastKnownFileType = sourcecode.swift; path = AudioBrowserView.swift; sourceTree = "<group>"; };
/* End PBXFileReference section */

/* Begin PBXGroup section */
		000209FFCD90A0A4F1829927 /* Utilities */ = {
			isa = PBXGroup;
			children = (
				0289AAA95BA1388A6E208791 /* Helpers.swift */,
				43B0F460087BADD9179312EA /* MediaStorageManager.swift */,
				E5889762E8B5C8417C402BBC /* SettingsManager.swift */,
				AB74A42A68B6553729B7DDA7 /* StoreKitManager.swift */,
				3D4C609F916B649ED9060572 /* Theme.swift */,
				758D552AA093470BA8D37BFE /* ThumbnailGenerator.swift */,
			);
			path = Utilities;
			sourceTree = "<group>";
		};
		0A332E87B8345888A410A1CC /* Views */ = {
			isa = PBXGroup;
			children = (
				F38A293B410981BE9FC9B191 /* AudioBrowserView.swift */,
				26821442D33F3458D164EDA5 /* AudioMixerView.swift */,
				66831DDBB32BF57951C8AFDF /* ContentView.swift */,
				DB77FDF2639F34D575FA41C0 /* CropView.swift */,
				A772A2A7715DA10B4D1D9F88 /* EditorView.swift */,
				C6CE31F9BB2E34863B18EE86 /* EffectsView.swift */,
				DA22654E81E21778EFD9ED93 /* ExportView.swift */,
				CCAD20DEDD5C149B5674AAE5 /* FiltersView.swift */,
				65A2211A813E198F2CBA9A1F /* MediaPickerView.swift */,
				004B2D2007EB9FCB0183C922 /* ProjectsView.swift */,
				BCFB4E51F61BD77E63621388 /* ProUpgradeView.swift */,
				CB364B3F64413D593323E54F /* SettingsView.swift */,
				B04FCC41A67CC169638609F7 /* SpeedControlView.swift */,
				7D55395CBCE8BB605ECBBCC7 /* StickersView.swift */,
				CF0E1F24E6A57672AF7065BB /* TextEditorView.swift */,
				4E63DD87C2A2BB31DF856CBA /* TimelineView.swift */,
				36955C55E6E2D303DD46DDAB /* TipJarView.swift */,
				C7D17EE31117E46E406B71C8 /* ToolbarView.swift */,
				7FCE1055CE1992AE0299EB02 /* TransitionsView.swift */,
				DDD35A32532611974ED1BF0F /* Ads */,
			);
			path = Views;
			sourceTree = "<group>";
		};
		0CA5B432289965B61F8B2542 /* Export */ = {
			isa = PBXGroup;
			children = (
				32B0808745DD29DCA8029537 /* ExportPipeline.swift */,
			);
			path = Export;
			sourceTree = "<group>";
		};
		1476BB0C5CBD4A8579768600 /* Products */ = {
			isa = PBXGroup;
			children = (
				EDEE2F5AED7EC2154E0DB707 /* FrameForge.app */,
			);
			name = Products;
			sourceTree = "<group>";
		};
		2B75C07FC03B5E337F6DCD06 /* Engine */ = {
			isa = PBXGroup;
			children = (
				8C11330863E94DA4651190D5 /* AudioSearchService.swift */,
				2DE3EDA85FC6FF64139C63DA /* CompositionEngine.swift */,
				0538242ABF2F426328FFED2C /* MultiLayerCompositor.swift */,
			);
			path = Engine;
			sourceTree = "<group>";
		};
		A0B792632C326D5D09C93029 /* Models */ = {
			isa = PBXGroup;
			children = (
				A2DE3A330505F366065CD957 /* Project.swift */,
				ACC6208A0520EE66C37D2EE3 /* TimelineModels.swift */,
				B22DAB2C9804AB604575F2AA /* VideoEffects.swift */,
			);
			path = Models;
			sourceTree = "<group>";
		};
		D52ED25A063FDF41ADC14FE8 = {
			isa = PBXGroup;
			children = (
				FB4D463E30F6465E5C5E4AE3 /* FrameForge */,
				1476BB0C5CBD4A8579768600 /* Products */,
			);
			sourceTree = "<group>";
		};
		DDD35A32532611974ED1BF0F /* Ads */ = {
			isa = PBXGroup;
			children = (
				2C9737AB3FFECF5F6F813D15 /* BannerAdView.swift */,
				3EDF19BEA9B49A3C504A60A1 /* NativeAdCardView.swift */,
			);
			path = Ads;
			sourceTree = "<group>";
		};
		F26574E229D6B10CD062FDDA /* ViewModels */ = {
			isa = PBXGroup;
			children = (
				2E4A46B959023228DC9FA1CC /* EditorViewModel.swift */,
			);
			path = ViewModels;
			sourceTree = "<group>";
		};
		FB4D463E30F6465E5C5E4AE3 /* FrameForge */ = {
			isa = PBXGroup;
			children = (
				259B07182688C334B23B27FE /* Assets.xcassets */,
				0B3101E22962857DF6BB7CFC /* FrameForgeApp.swift */,
				72722BB9B835981E49AFABCC /* Info.plist */,
				2B75C07FC03B5E337F6DCD06 /* Engine */,
				0CA5B432289965B61F8B2542 /* Export */,
				A0B792632C326D5D09C93029 /* Models */,
				000209FFCD90A0A4F1829927 /* Utilities */,
				F26574E229D6B10CD062FDDA /* ViewModels */,
				0A332E87B8345888A410A1CC /* Views */,
			);
			path = FrameForge;
			sourceTree = "<group>";
		};
/* End PBXGroup section */

/* Begin PBXNativeTarget section */
		7596A1634329F4958ECE3502 /* FrameForge */ = {
			isa = PBXNativeTarget;
			buildConfigurationList = EB108A89F0878FFF98A9A299 /* Build configuration list for PBXNativeTarget "FrameForge" */;
			buildPhases = (
				15EE7C97404DAE86AA809066 /* Sources */,
				CFE3C78FC56E508E0C4E37B0 /* Resources */,
			);
			buildRules = (
			);
			dependencies = (
			);
			name = FrameForge;
			packageProductDependencies = (
				D612CCF62FA7091500C33922 /* GoogleMobileAds */,
			);
			productName = FrameForge;
			productReference = EDEE2F5AED7EC2154E0DB707 /* FrameForge.app */;
			productType = "com.apple.product-type.application";
		};
/* End PBXNativeTarget section */

/* Begin PBXProject section */
		3FD30F5C6D8EE001FE8A328B /* Project object */ = {
			isa = PBXProject;
			attributes = {
				BuildIndependentTargetsInParallel = YES;
				LastUpgradeCheck = 1430;
			};
			buildConfigurationList = 2337D7C1C4297A62086C4DFF /* Build configuration list for PBXProject "FrameForge" */;
			developmentRegion = en;
			hasScannedForEncodings = 0;
			knownRegions = (
				Base,
				en,
			);
			mainGroup = D52ED25A063FDF41ADC14FE8;
			minimizedProjectReferenceProxies = 1;
			packageReferences = (
				D612CCF52FA7091500C33922 /* XCRemoteSwiftPackageReference "swift-package-manager-google-mobile-ads" */,
			);
			preferredProjectObjectVersion = 77;
			productRefGroup = 1476BB0C5CBD4A8579768600 /* Products */;
			projectDirPath = "";
			projectRoot = "";
			targets = (
				7596A1634329F4958ECE3502 /* FrameForge */,
			);
		};
/* End PBXProject section */

/* Begin PBXResourcesBuildPhase section */
		CFE3C78FC56E508E0C4E37B0 /* Resources */ = {
			isa = PBXResourcesBuildPhase;
			buildActionMask = 2147483647;
			files = (
				BF744D9D32CA7D78F93943B5 /* Assets.xcassets in Resources */,
			);
			runOnlyForDeploymentPostprocessing = 0;
		};
/* End PBXResourcesBuildPhase section */

/* Begin PBXSourcesBuildPhase section */
		15EE7C97404DAE86AA809066 /* Sources */ = {
			isa = PBXSourcesBuildPhase;
			buildActionMask = 2147483647;
			files = (
				30CD90BE075CC2BC806B7E4A /* AudioBrowserView.swift in Sources */,
				0C8165B638E0293617C86115 /* AudioMixerView.swift in Sources */,
				9BADF5840E36EEA30F8BC1BD /* AudioSearchService.swift in Sources */,
				A144E0ED0A19B346E2C8782C /* BannerAdView.swift in Sources */,
				ACD65BE8728FEEDA2A19DE56 /* CompositionEngine.swift in Sources */,
				CA710C52BF81EAC2D1F0DF2B /* ContentView.swift in Sources */,
				E6E4761607A405F69F5A9D29 /* CropView.swift in Sources */,
				DD3A6C6EF5F7B9FC8A5F5EB2 /* EditorView.swift in Sources */,
				8964A9660D4631DA3C03372A /* EditorViewModel.swift in Sources */,
				CF8B34E81DCBB0E031C11DE6 /* EffectsView.swift in Sources */,
				F94971BD32C63D1253CD851D /* ExportPipeline.swift in Sources */,
				C18B70E6EEC7C1DE38D44A2C /* ExportView.swift in Sources */,
				CB80D3F5C9A1647AFB3A3BFA /* FiltersView.swift in Sources */,
				DE98405F01A194CEFB20064A /* FrameForgeApp.swift in Sources */,
				20B81FB492B54FAFBC3E0E9A /* Helpers.swift in Sources */,
				027C335AF776B681D9BDCD39 /* MediaPickerView.swift in Sources */,
				365FADDDAA4D8125205D5587 /* MediaStorageManager.swift in Sources */,
				4A193C79B165279B7DF1C32B /* MultiLayerCompositor.swift in Sources */,
				4C27369F5303FAA82E487074 /* NativeAdCardView.swift in Sources */,
				D6C05B9AA121EAB64DB7075F /* ProUpgradeView.swift in Sources */,
				60E176662AF631C6AEF81571 /* Project.swift in Sources */,
				A681CFA2C4E45FC0D0EC96DB /* ProjectsView.swift in Sources */,
				1A86F960164480C839E50AF1 /* SettingsManager.swift in Sources */,
				430D54EEA31CEB5FBD119A66 /* SettingsView.swift in Sources */,
				0C80221C95BB8FC6358F5A79 /* SpeedControlView.swift in Sources */,
				A3DCBB46D2A923BA62AEBD3B /* StickersView.swift in Sources */,
				15EBFE67C009022B1053C558 /* StoreKitManager.swift in Sources */,
				799B59A8A47B2889F9E2FF15 /* TextEditorView.swift in Sources */,
				72762F93A4DDE642D61B5FAA /* Theme.swift in Sources */,
				80860BE882CC6A369880578C /* ThumbnailGenerator.swift in Sources */,
				761F90FD94963FE4AE8E7705 /* TimelineModels.swift in Sources */,
				CD9181E5055A3AB4F26F318B /* TimelineView.swift in Sources */,
				FD6AE03C5F3063069FD30AAE /* TipJarView.swift in Sources */,
				9428DAA6909CF8F9BDA79749 /* ToolbarView.swift in Sources */,
				45CE545F7366064386692EF4 /* TransitionsView.swift in Sources */,
				0F25C31D2879A822A37F9AF7 /* VideoEffects.swift in Sources */,
			);
			runOnlyForDeploymentPostprocessing = 0;
		};
/* End PBXSourcesBuildPhase section */

/* Begin XCBuildConfiguration section */
		11350EB3A913ECC16ACBA96A /* Release */ = {
			isa = XCBuildConfiguration;
			buildSettings = {
				ASSETCATALOG_COMPILER_APPICON_NAME = AppIcon;
				CODE_SIGN_IDENTITY = "iPhone Developer";
				DEVELOPMENT_TEAM = 99PCVG84CK;
				INFOPLIST_FILE = FrameForge/Info.plist;
				IPHONEOS_DEPLOYMENT_TARGET = 16.0;
				LD_RUNPATH_SEARCH_PATHS = (
					"$(inherited)",
					"@executable_path/Frameworks",
				);
				PRODUCT_BUNDLE_IDENTIFIER = com.lalitkhatri.FrameForge;
				SDKROOT = iphoneos;
				TARGETED_DEVICE_FAMILY = "1,2";
			};
			name = Release;
		};
		38825DAFA20F4111644B78FF /* Debug */ = {
			isa = XCBuildConfiguration;
			buildSettings = {
				ASSETCATALOG_COMPILER_APPICON_NAME = AppIcon;
				CODE_SIGN_IDENTITY = "iPhone Developer";
				DEVELOPMENT_TEAM = 99PCVG84CK;
				INFOPLIST_FILE = FrameForge/Info.plist;
				IPHONEOS_DEPLOYMENT_TARGET = 16.0;
				LD_RUNPATH_SEARCH_PATHS = (
					"$(inherited)",
					"@executable_path/Frameworks",
				);
				PRODUCT_BUNDLE_IDENTIFIER = com.lalitkhatri.FrameForge;
				SDKROOT = iphoneos;
				TARGETED_DEVICE_FAMILY = "1,2";
			};
			name = Debug;
		};
		58262AB37BA0D0A3C074ECEF /* Release */ = {
			isa = XCBuildConfiguration;
			buildSettings = {
				ALWAYS_SEARCH_USER_PATHS = NO;
				CLANG_ANALYZER_NONNULL = YES;
				CLANG_ANALYZER_NUMBER_OBJECT_CONVERSION = YES_AGGRESSIVE;
				CLANG_CXX_LANGUAGE_STANDARD = "gnu++14";
				CLANG_CXX_LIBRARY = "libc++";
				CLANG_ENABLE_MODULES = YES;
				CLANG_ENABLE_OBJC_ARC = YES;
				CLANG_ENABLE_OBJC_WEAK = YES;
				CLANG_WARN_BLOCK_CAPTURE_AUTORELEASING = YES;
				CLANG_WARN_BOOL_CONVERSION = YES;
				CLANG_WARN_COMMA = YES;
				CLANG_WARN_CONSTANT_CONVERSION = YES;
				CLANG_WARN_DEPRECATED_OBJC_IMPLEMENTATIONS = YES;
				CLANG_WARN_DIRECT_OBJC_ISA_USAGE = YES_ERROR;
				CLANG_WARN_DOCUMENTATION_COMMENTS = YES;
				CLANG_WARN_EMPTY_BODY = YES;
				CLANG_WARN_ENUM_CONVERSION = YES;
				CLANG_WARN_INFINITE_RECURSION = YES;
				CLANG_WARN_INT_CONVERSION = YES;
				CLANG_WARN_NON_LITERAL_NULL_CONVERSION = YES;
				CLANG_WARN_OBJC_IMPLICIT_RETAIN_SELF = YES;
				CLANG_WARN_OBJC_LITERAL_CONVERSION = YES;
				CLANG_WARN_OBJC_ROOT_CLASS = YES_ERROR;
				CLANG_WARN_QUOTED_INCLUDE_IN_FRAMEWORK_HEADER = YES;
				CLANG_WARN_RANGE_LOOP_ANALYSIS = YES;
				CLANG_WARN_STRICT_PROTOTYPES = YES;
				CLANG_WARN_SUSPICIOUS_MOVE = YES;
				CLANG_WARN_UNGUARDED_AVAILABILITY = YES_AGGRESSIVE;
				CLANG_WARN_UNREACHABLE_CODE = YES;
				CLANG_WARN__DUPLICATE_METHOD_MATCH = YES;
				COPY_PHASE_STRIP = NO;
				DEBUG_INFORMATION_FORMAT = "dwarf-with-dsym";
				ENABLE_NS_ASSERTIONS = NO;
				ENABLE_STRICT_OBJC_MSGSEND = YES;
				GCC_C_LANGUAGE_STANDARD = gnu11;
				GCC_NO_COMMON_BLOCKS = YES;
				GCC_WARN_64_TO_32_BIT_CONVERSION = YES;
				GCC_WARN_ABOUT_RETURN_TYPE = YES_ERROR;
				GCC_WARN_UNDECLARED_SELECTOR = YES;
				GCC_WARN_UNINITIALIZED_AUTOS = YES_AGGRESSIVE;
				GCC_WARN_UNUSED_FUNCTION = YES;
				GCC_WARN_UNUSED_VARIABLE = YES;
				MTL_ENABLE_DEBUG_INFO = NO;
				MTL_FAST_MATH = YES;
				PRODUCT_NAME = "$(TARGET_NAME)";
				SDKROOT = iphoneos;
				SWIFT_COMPILATION_MODE = wholemodule;
				SWIFT_OPTIMIZATION_LEVEL = "-O";
				SWIFT_VERSION = 5.0;
			};
			name = Release;
		};
		D33318F15FE578102EB00C9C /* Debug */ = {
			isa = XCBuildConfiguration;
			buildSettings = {
				ALWAYS_SEARCH_USER_PATHS = NO;
				CLANG_ANALYZER_NONNULL = YES;
				CLANG_ANALYZER_NUMBER_OBJECT_CONVERSION = YES_AGGRESSIVE;
				CLANG_CXX_LANGUAGE_STANDARD = "gnu++14";
				CLANG_CXX_LIBRARY = "libc++";
				CLANG_ENABLE_MODULES = YES;
				CLANG_ENABLE_OBJC_ARC = YES;
				CLANG_ENABLE_OBJC_WEAK = YES;
				CLANG_WARN_BLOCK_CAPTURE_AUTORELEASING = YES;
				CLANG_WARN_BOOL_CONVERSION = YES;
				CLANG_WARN_COMMA = YES;
				CLANG_WARN_CONSTANT_CONVERSION = YES;
				CLANG_WARN_DEPRECATED_OBJC_IMPLEMENTATIONS = YES;
				CLANG_WARN_DIRECT_OBJC_ISA_USAGE = YES_ERROR;
				CLANG_WARN_DOCUMENTATION_COMMENTS = YES;
				CLANG_WARN_EMPTY_BODY = YES;
				CLANG_WARN_ENUM_CONVERSION = YES;
				CLANG_WARN_INFINITE_RECURSION = YES;
				CLANG_WARN_INT_CONVERSION = YES;
				CLANG_WARN_NON_LITERAL_NULL_CONVERSION = YES;
				CLANG_WARN_OBJC_IMPLICIT_RETAIN_SELF = YES;
				CLANG_WARN_OBJC_LITERAL_CONVERSION = YES;
				CLANG_WARN_OBJC_ROOT_CLASS = YES_ERROR;
				CLANG_WARN_QUOTED_INCLUDE_IN_FRAMEWORK_HEADER = YES;
				CLANG_WARN_RANGE_LOOP_ANALYSIS = YES;
				CLANG_WARN_STRICT_PROTOTYPES = YES;
				CLANG_WARN_SUSPICIOUS_MOVE = YES;
				CLANG_WARN_UNGUARDED_AVAILABILITY = YES_AGGRESSIVE;
				CLANG_WARN_UNREACHABLE_CODE = YES;
				CLANG_WARN__DUPLICATE_METHOD_MATCH = YES;
				COPY_PHASE_STRIP = NO;
				DEBUG_INFORMATION_FORMAT = dwarf;
				ENABLE_STRICT_OBJC_MSGSEND = YES;
				ENABLE_TESTABILITY = YES;
				GCC_C_LANGUAGE_STANDARD = gnu11;
				GCC_DYNAMIC_NO_PIC = NO;
				GCC_NO_COMMON_BLOCKS = YES;
				GCC_OPTIMIZATION_LEVEL = 0;
				GCC_PREPROCESSOR_DEFINITIONS = (
					"$(inherited)",
					"DEBUG=1",
				);
				GCC_WARN_64_TO_32_BIT_CONVERSION = YES;
				GCC_WARN_ABOUT_RETURN_TYPE = YES_ERROR;
				GCC_WARN_UNDECLARED_SELECTOR = YES;
				GCC_WARN_UNINITIALIZED_AUTOS = YES_AGGRESSIVE;
				GCC_WARN_UNUSED_FUNCTION = YES;
				GCC_WARN_UNUSED_VARIABLE = YES;
				MTL_ENABLE_DEBUG_INFO = INCLUDE_SOURCE;
				MTL_FAST_MATH = YES;
				ONLY_ACTIVE_ARCH = YES;
				PRODUCT_NAME = "$(TARGET_NAME)";
				SDKROOT = iphoneos;
				SWIFT_ACTIVE_COMPILATION_CONDITIONS = DEBUG;
				SWIFT_OPTIMIZATION_LEVEL = "-Onone";
				SWIFT_VERSION = 5.0;
			};
			name = Debug;
		};
/* End XCBuildConfiguration section */

/* Begin XCConfigurationList section */
		2337D7C1C4297A62086C4DFF /* Build configuration list for PBXProject "FrameForge" */ = {
			isa = XCConfigurationList;
			buildConfigurations = (
				D33318F15FE578102EB00C9C /* Debug */,
				58262AB37BA0D0A3C074ECEF /* Release */,
			);
			defaultConfigurationIsVisible = 0;
			defaultConfigurationName = Debug;
		};
		EB108A89F0878FFF98A9A299 /* Build configuration list for PBXNativeTarget "FrameForge" */ = {
			isa = XCConfigurationList;
			buildConfigurations = (
				38825DAFA20F4111644B78FF /* Debug */,
				11350EB3A913ECC16ACBA96A /* Release */,
			);
			defaultConfigurationIsVisible = 0;
			defaultConfigurationName = Debug;
		};
/* End XCConfigurationList section */

/* Begin XCRemoteSwiftPackageReference section */
		D612CCF52FA7091500C33922 /* XCRemoteSwiftPackageReference "swift-package-manager-google-mobile-ads" */ = {
			isa = XCRemoteSwiftPackageReference;
			repositoryURL = "https://github.com/googleads/swift-package-manager-google-mobile-ads";
			requirement = {
				kind = upToNextMajorVersion;
				minimumVersion = 13.3.0;
			};
		};
/* End XCRemoteSwiftPackageReference section */

/* Begin XCSwiftPackageProductDependency section */
		D612CCF62FA7091500C33922 /* GoogleMobileAds */ = {
			isa = XCSwiftPackageProductDependency;
			package = D612CCF52FA7091500C33922 /* XCRemoteSwiftPackageReference "swift-package-manager-google-mobile-ads" */;
			productName = GoogleMobileAds;
		};
/* End XCSwiftPackageProductDependency section */
	};
	rootObject = 3FD30F5C6D8EE001FE8A328B /* Project object */;
}
